github.com/neo4j/neo4j-go-driver/v5 v5.5.0 h1:KxufacDV+IqkzbzvjIAIGkBsa2i0lEB8/MhCgOQxrQo=
github.com/neo4j/neo4j-go-driver/v5 v5.5.0/go.mod h1:Vff8OwT7QpLm7L2yYr85XNWe9Rbqlbeb9asNXJTHO4k=
github.com/neo4j/neo4j-go-driver/v5 v5.6.0 h1:+LxOHCyDWGjtD8qHhb20GUpvwCFcJm1wqSEyo2MiehE=
github.com/neo4j/neo4j-go-driver/v5 v5.6.0/go.mod h1:Vff8OwT7QpLm7L2yYr85XNWe9Rbqlbeb9asNXJTHO4k=
