# Autogenerated by release/package/mage/compile_requirements_locks.sh - do not edit.
# Resolved from src/mage/python/requirements.txt for python 3.12 on: x86_64-manylinux_2_34 aarch64-manylinux_2_34
--index-url https://pypi.org/simple
--extra-index-url https://download.pytorch.org/whl/cpu

adlfs==2024.12.0
    # via gqlalchemy
aiohappyeyeballs==2.7.1
    # via aiohttp
aiohttp==3.14.3
    # via
    #   adlfs
    #   litellm
aiosignal==1.4.0
    # via aiohttp
annotated-doc==0.0.5
    # via typer
annotated-types==0.8.0
    # via pydantic
anyio==4.15.1
    # via
    #   httpx
    #   openai
attrs==26.1.0
    # via
    #   aiohttp
    #   jsonschema
    #   referencing
azure-core==1.41.0
    # via
    #   adlfs
    #   azure-identity
    #   azure-storage-blob
azure-datalake-store==0.0.53
    # via adlfs
azure-identity==1.25.3
    # via adlfs
azure-storage-blob==12.30.2
    # via adlfs
boto3==1.36.23
    # via -r src/mage/python/requirements.txt
botocore==1.36.26
    # via
    #   boto3
    #   s3transfer
certifi==2026.7.22
    # via
    #   elastic-transport
    #   httpcore
    #   httpx
    #   requests
cffi==2.1.1
    # via
    #   azure-datalake-store
    #   cryptography
charset-normalizer==3.5.1
    # via requests
click==8.5.0
    # via
    #   huggingface-hub
    #   litellm
cloudpickle==3.1.2
    # via joblib
cryptography==50.0.1
    # via
    #   azure-identity
    #   azure-storage-blob
    #   msal
    #   oracledb
    #   pyjwt
    #   pyopenssl
dacite==1.9.2
    # via gqlalchemy
defusedxml==0.7.1
    # via -r src/mage/python/requirements.txt
distro==1.9.0
    # via openai
duckdb==1.2.1
    # via -r src/mage/python/requirements.txt
elastic-transport==8.19.0
    # via elasticsearch
elasticsearch==8.17.0
    # via -r src/mage/python/requirements.txt
fastuuid==0.14.0
    # via litellm
filelock==3.29.0
    # via
    #   -r src/mage/python/requirements.txt
    #   huggingface-hub
    #   torch
frozenlist==1.8.0
    # via
    #   aiohttp
    #   aiosignal
fsspec==2026.7.0
    # via
    #   adlfs
    #   huggingface-hub
    #   torch
gekko==1.2.1
    # via -r src/mage/python/requirements.txt
gqlalchemy==1.8.0
    # via -r src/mage/python/requirements.txt
h11==0.16.0
    # via httpcore
hf-xet==1.6.0
    # via huggingface-hub
httpcore==1.0.9
    # via httpx
httpx==0.28.1
    # via
    #   huggingface-hub
    #   litellm
    #   openai
huggingface-hub==1.22.0
    # via
    #   -r src/mage/python/requirements.txt
    #   sentence-transformers
    #   tokenizers
    #   transformers
idna==3.19
    # via
    #   anyio
    #   httpx
    #   requests
    #   yarl
igraph==0.11.8
    # via -r src/mage/python/requirements.txt
importlib-metadata==8.9.0
    # via litellm
isodate==0.7.2
    # via azure-storage-blob
jaraco-context==6.1.0
    # via -r src/mage/python/requirements.txt
jinja2==3.1.6
    # via
    #   litellm
    #   torch
jiter==0.17.0
    # via openai
jmespath==1.1.0
    # via
    #   boto3
    #   botocore
joblib==1.6.0
    # via scikit-learn
jsonschema==4.26.0
    # via litellm
jsonschema-specifications==2025.9.1
    # via jsonschema
levenshtein==0.26.1
    # via python-levenshtein
litellm==1.85.0
    # via -r src/mage/python/requirements.txt
markdown-it-py==4.2.0
    # via rich
markupsafe==3.0.3
    # via jinja2
mdurl==0.1.2
    # via markdown-it-py
mpmath==1.3.0
    # via sympy
msal==1.38.0
    # via
    #   azure-datalake-store
    #   azure-identity
    #   msal-extensions
msal-extensions==1.3.1
    # via azure-identity
multidict==6.8.0
    # via
    #   aiohttp
    #   yarl
mysql-connector-python==9.1.0
    # via -r src/mage/python/requirements.txt
neo4j==5.28.2
    # via
    #   -r src/mage/python/requirements.txt
    #   gqlalchemy
networkx==2.8.8
    # via
    #   -r src/mage/python/requirements.txt
    #   gqlalchemy
    #   pymgclient
    #   torch
numpy==2.2.6
    # via
    #   gekko
    #   gqlalchemy
    #   pandas
    #   scikit-learn
    #   scipy
    #   sentence-transformers
    #   torchmetrics
    #   transformers
openai==2.54.0
    # via litellm
oracledb==2.5.1
    # via -r src/mage/python/requirements.txt
packaging==26.3
    # via
    #   huggingface-hub
    #   torchmetrics
    #   transformers
pandas==2.2.3
    # via
    #   -r src/mage/python/requirements.txt
    #   gqlalchemy
platformdirs==4.3.6
    # via -r src/mage/python/requirements.txt
propcache==0.5.4
    # via
    #   aiohttp
    #   yarl
psutil==6.1.1
    # via gqlalchemy
psycopg2-binary==2.9.10
    # via -r src/mage/python/requirements.txt
pyarrow==24.0.0
    # via -r src/mage/python/requirements.txt
pycparser==3.0
    # via cffi
pydantic==2.13.5
    # via
    #   gqlalchemy
    #   litellm
    #   openai
pydantic-core==2.46.5
    # via pydantic
pygments==2.21.0
    # via rich
pyjwt==2.14.0
    # via msal
pymgclient==1.6.0
    # via gqlalchemy
pyodbc==5.2.0
    # via -r src/mage/python/requirements.txt
pyopenssl==26.4.0
    # via pymgclient
python-dateutil==2.9.0.post0
    # via
    #   botocore
    #   pandas
python-dotenv==1.2.3
    # via litellm
python-levenshtein==0.26.1
    # via -r src/mage/python/requirements.txt
pytz==2026.3.post1
    # via
    #   neo4j
    #   pandas
pyyaml==6.0.3
    # via
    #   huggingface-hub
    #   transformers
rapidfuzz==3.14.6
    # via levenshtein
referencing==0.37.0
    # via
    #   jsonschema
    #   jsonschema-specifications
regex==2026.9.10
    # via
    #   tiktoken
    #   transformers
requests==2.34.2
    # via
    #   azure-core
    #   azure-datalake-store
    #   msal
    #   tiktoken
rich==15.0.0
    # via typer
rpds-py==2026.6.3
    # via
    #   jsonschema
    #   referencing
s3transfer==0.11.3
    # via boto3
safetensors==0.8.0
    # via transformers
scikit-learn==1.5.2
    # via
    #   -r src/mage/python/requirements.txt
    #   sentence-transformers
scipy==1.13.1
    # via
    #   -r src/mage/python/requirements.txt
    #   scikit-learn
    #   sentence-transformers
sentence-transformers==5.6.0
    # via -r src/mage/python/requirements.txt
setuptools==81.0.0
    # via
    #   -r src/mage/python/requirements.txt
    #   torch
shellingham==1.5.4
    # via typer
six==1.17.0
    # via
    #   -r src/mage/python/requirements.txt
    #   python-dateutil
sniffio==1.3.1
    # via openai
sympy==1.14.0
    # via torch
texttable==1.7.0
    # via igraph
threadpoolctl==3.7.0
    # via scikit-learn
tiktoken==0.14.0
    # via litellm
tokenizers==0.22.2
    # via
    #   litellm
    #   transformers
torch==2.9.0+cpu
    # via
    #   -r src/mage/python/requirements.txt
    #   sentence-transformers
    #   torchmetrics
torchmetrics==0.10.0
    # via -r src/mage/python/requirements.txt
tqdm==4.70.1
    # via
    #   huggingface-hub
    #   openai
    #   sentence-transformers
    #   transformers
transformers==5.13.0
    # via
    #   -r src/mage/python/requirements.txt
    #   sentence-transformers
typer==0.27.2
    # via transformers
typing-extensions==4.16.0
    # via
    #   aiohttp
    #   aiosignal
    #   anyio
    #   azure-core
    #   azure-identity
    #   azure-storage-blob
    #   huggingface-hub
    #   openai
    #   pydantic
    #   pydantic-core
    #   pyopenssl
    #   referencing
    #   sentence-transformers
    #   torch
    #   typing-inspection
typing-inspection==0.4.4
    # via pydantic
tzdata==2026.4
    # via
    #   pandas
    #   pymgclient
urllib3==2.8.0
    # via
    #   botocore
    #   elastic-transport
    #   requests
yarl==1.25.1
    # via aiohttp
zipp==4.1.0
    # via importlib-metadata
