{
    "version": "0.5",
    "requires": [
        "zlib/1.3.1#b8bc2603263cf7eccbd6e17e66b0ed76%1733936244.862",
        "xsimd/13.0.0#3e7543dc526b0f612fe291e0f198c9dc%1719920019.981",
        "thrift/0.20.0#065f29f7cafbf6ff2b48bbe8a52f1a87%1761732697.093",
        "strong_type/v15#e2455888c53988fe9367541713c9f6ce%1720449547.547",
        "spdlog/1.15.3#3ca0e9e6b83af4d0151e26541d140c86%1748617970.519",
        "snappy/1.2.1#a308ba649dfa7f2e86db38d8b781124a%1743607702.212",
        "simdjson/4.2.2#4cd3a478d2f19e70c78c8ef72b8e0c5d%1763286123.103",
        "s2n/1.5.27#d3f92c7e6873000d69ce09eefa5b7cdb%1763415423.713",
        "rapidjson/cci.20230929#8dc0392af2b3aaea7312095f0ba53467%1705070242.903",
        "range-v3/0.12.0#4c05d91d7b40e6b91b44b5345ac64408%1689218196.637",
        "openssl/3.6.0#89e8af1d4a21afcac0557079d23d8890%1759746682.365",
        "mgclient/1.4.3#acde49e45b64f83be2b6ad993226a4b7%1724630575.998",
        "lz4/1.9.4#4ed63aa8e019d795cd3b8c0d2dd66cda%1743433190.812",
        "librdkafka/2.12.1#4c3f08ad769b4eb69cbbf1807891b4ea%1761226066.097",
        "libevent/2.1.12#7a7a21762e2b4ed13d29aee3e10c19e7%1751271631.406",
        "libcurl/8.17.0#5f7b5b769dc3468ce693048cd8d7dd64%1764325761.224",
        "gtest/1.17.0#5224b3b3ff3b4ce1133cbdd27d53ee7d%1755784855.585",
        "fmt/11.2.0#579bb2cdf4a7607621beea4eb4651e0f%1746298708.362",
        "ctre/3.10.0#3f970a74e5cc3ba1a8ccb8e7f513062f%1755247138.192",
        "croncpp/2023.03.30#7ca459a1acfa234e759182a8bafa7ddf%1722442009.811",
        "cppitertools/2.2#387562fa5016e7692d673955f66d2e7a%1741517127.057",
        "bzip2/1.0.8#c470882369c2d95c5c77e970c0c7e321%1762886692.465",
        "boost/1.88.0#2c23701cb3a84139632a3bfdb0ebf00e%1761718320.286",
        "benchmark/1.9.4#ce4403f7a24d3e1f907cd9da4b678be4%1749892625.885",
        "aws-sdk-cpp/1.11.692#e551a518f5f50c6d83e40dfda38e7449%1763482341.231",
        "aws-crt-cpp/0.35.2#e11cf5e3d2a9273d4413bb5f8c6e502e%1763415447.617",
        "aws-checksums/0.2.6#ecd22c6f26d7ef4f94e756902af0b807%1763415445.519",
        "aws-c-sdkutils/0.2.4#28bd313b2eb6609e6c12b0e5c966f4fa%1763415443.425",
        "aws-c-s3/0.9.2#7e6609e49d0eee71a2a9a86d961c4007%1763415441.256",
        "aws-c-mqtt/0.13.3#c2768514f32e7f696ef8d2a096a8c7f3%1763415439.127",
        "aws-c-io/0.23.2#62b5405910d4a92b41332a6aa3c5daeb%1763415436.947",
        "aws-c-http/0.10.5#7c4c37b412a1ff7e78798776abcca170%1763415434.742",
        "aws-c-event-stream/0.5.7#0f5c58ea7feef1e92df78e07bac95cff%1763415432.567",
        "aws-c-compression/0.3.1#3fa42a49f3346b7a5a580fa9e19b32a5%1763415430.357",
        "aws-c-common/0.12.5#4f0643c1a427cbd9bcc6e3e178c04669%1763466489.717",
        "aws-c-cal/0.9.8#503a70b082d9678e07e706111ebccfe6%1763415428.181",
        "aws-c-auth/0.9.1#170e7b039f1966625c54205104f161a1%1763415426.015",
        "asio/1.36.0#75a50dae6e50af10cfb2150286b7df39%1756280309.023",
        "arrow/22.0.0#416448b57daf0cbacf58b50032c5fff7%1763390381.533",
        "antlr4-cppruntime/4.13.2#cc92480070ebd971aada9faf2be36f9f%1744013070.902",
        "abseil/20250512.1#652040e447cc6a58db68ff3f3addb759%1761741489.973"
    ],
    "build_requires": [
        "zstd/1.5.7#b68ca8e3de04ba5957761751d1d661f4%1760955092.069",
        "xxhash/0.8.3#681d36a0a6111fc56e5e45ea182c19cc%1743678659.187",
        "pkgconf/2.5.1#93c2051284cba1279494a43a4fcfeae2%1757684701.089",
        "openjdk/21.0.1#d501945d7bd0389210414c627b6bbb29%1724940372.342",
        "ninja/1.13.2#c8c5dc2a52ed6e4e42a66d75b4717ceb%1764096931.974",
        "ninja/1.13.1#294f8721dbcde145674f7ba44994700e%1753400352.374",
        "meson/1.9.1#abbc783cd297bedce14581b4aec060b8%1758626166.349",
        "m4/1.4.19#b38ced39a01e31fef5435bc634461fd2%1700758725.451",
        "libtool/2.4.7#14e7739cc128bc1623d2ed318008e47e%1755679003.847",
        "hiredis/1.3.0#e39b0954c9bf2bac589b762bba5c5dce%1748521499.497",
        "gnu-config/cci.20210814#466e9d4d7779e1c142443f7ea44b4284%1762363589.329",
        "fmt/11.1.1#9d84ca70128ab4b84d80140b45d76b21%1735899159.864",
        "flex/2.6.4#efa781fc5088b47c895bd4eef6911f2e%1761560242.855",
        "cmake/4.2.0#ae0a44f44a1ef9ab68fd4b3e9a1f8671%1764093466.37",
        "cmake/4.1.2#6f844b9ec4e0e29d4f1232f9c5039901%1761647877.842",
        "cmake/3.31.10#313d16a1aa16bbdb2ca0792467214b76%1763665505.054",
        "ccache/4.12.1#e67f65bf5e377aa11488781f052cb469%1759869394.804",
        "bison/3.8.2#c3490cbe0078b6fd3eb4cf5ed64144dc%1755688988.644",
        "b2/5.3.3#107c15377719889654eb9a162a673975%1750340310.079",
        "automake/1.16.5#b91b7c384c3deaa9d535be02da14d04f%1755524470.56",
        "autoconf/2.71#51077f068e61700d65bb05541ea1e4b0%1731054366.86",
        "antlr4/4.13.1#c5ac7d11bd74b64564ec5bab66791fbd%1697907343.179"
    ],
    "python_requires": [],
    "overrides": {
        "snappy/1.1.9": [
            "snappy/1.2.1"
        ],
        "zlib/[>=1.2.11 <2]": [
            "zlib/1.3.1#b8bc2603263cf7eccbd6e17e66b0ed76"
        ],
        "libcurl/[>=7.78.0 <9]": [
            "libcurl/8.17.0"
        ]
    },
    "config_requires": []
}
