{
    "version": "0.5",
    "requires": [
        "zstd/1.5.7#b68ca8e3de04ba5957761751d1d661f4%1764195404.574",
        "zlib/1.3.1#cac0f6daea041b0ccf42934163defb20%1766567808.211",
        "xsimd/13.0.0#a3708822203fd034b63b1be36b9337a2%1776083739.452",
        "usearch/2.21.4#ff386e8f69f8ea6bad6397fd2ad41b3f%1776168210.7932572",
        "thrift/0.21.0#bf28fb2ed7f194ba802690077594b6e9%1771347094.408",
        "strong_type/v15#e2455888c53988fe9367541713c9f6ce%1764195403.695",
        "stringzilla/3.11.3#711d4846d9b32da15d56e7b5d0e79cec%1776119538.359",
        "spdlog/1.15.3#855569172102c04e3e0db21ae95cf017%1776083739.226",
        "snappy/1.2.1#a308ba649dfa7f2e86db38d8b781124a%1764195403.382",
        "simdjson/4.2.2#4cd3a478d2f19e70c78c8ef72b8e0c5d%1764197822.403",
        "s2n/1.5.27#d3f92c7e6873000d69ce09eefa5b7cdb%1767345413.777",
        "rocksdb/8.1.1-memgraph#59fb7b1a434bd22e6f7c281ec73715b4%1776168210.1425297",
        "rapidjson/cci.20250205#dc3e0ac7034c35032b107673d9f9bae3%1776083739.091",
        "rapidcheck/cci.20231215#4d04e275bc3a07d2a20e9fdd8f05c021%1775175184.173",
        "range-v3/0.12.0#4c05d91d7b40e6b91b44b5345ac64408%1764195402.61",
        "pulsar-client-cpp/4.0.0-memgraph#87f23912538025498d24fc2e6bbf062c%1776168209.1438093",
        "psimd/cci.20200517#83200a06ebb1ff39c5adff0d712c05fa%1776119537.931",
        "protobuf/3.21.12#f4b3baecdc1169c9db2a96e395ca5462%1776119537.67",
        "openssl/3.0.18#eac62ac34e57db6df6a7af9a60f5beed%1765906857.291",
        "nuraft/2.1.0-memgraph#0d569cf38ef11589bc9fb5ded1880afe%1776168208.8581705",
        "nlohmann_json/3.11.3-memgraph#1e8fcaac68492f80bee0a61148cd0287%1776168208.7508278",
        "mgclient/1.4.3#acde49e45b64f83be2b6ad993226a4b7%1764195401.565",
        "lz4/1.9.4#a2f02ad3908618757c68d3618256a196%1776083738.594",
        "librdtsc/0.3-memgraph#a9a52ef54ea7d65347f4ebdfc38d30f9%1776168208.469364",
        "librdkafka/2.6.1#116229ffd03b3dce904dc05bdfef3515%1775655085.049",
        "libevent/2.1.12#7a7a21762e2b4ed13d29aee3e10c19e7%1764195400.899",
        "libcurl/8.17.0#5f7b5b769dc3468ce693048cd8d7dd64%1764682750.815",
        "libbcrypt/1.0-memgraph#274bb651d9486d6954019073532c8a1e%1776168207.608484",
        "jemalloc/5.2.1-memgraph#0ea0f68536b64d6348a848f479d00e37%1776168207.4924984",
        "gtest/1.17.0#5224b3b3ff3b4ce1133cbdd27d53ee7d%1764197821.23",
        "gflags/2.2.0-memgraph#1b61accbd2b6e22a5431cff597bf5d64%1776168207.3825283",
        "fp16/cci.20210320#34dbac7f6fa3dee68830028b53de6c84%1776119537.325",
        "fmt/11.2.0#579bb2cdf4a7607621beea4eb4651e0f%1764195399.955",
        "cyrus-sasl/2.1.28#7454252270ecd9a8701db266fd9e26db%1775175183.267",
        "ctre/3.10.0#3f970a74e5cc3ba1a8ccb8e7f513062f%1764197820.815",
        "croncpp/2023.03.30#7ca459a1acfa234e759182a8bafa7ddf%1764195399.29",
        "cppitertools/2.2#387562fa5016e7692d673955f66d2e7a%1764195399.111",
        "bzip2/1.0.8#c470882369c2d95c5c77e970c0c7e321%1764195397.113",
        "boost/1.88.0-memgraph#df956186b5897f2ec57ef010206fccf1%1776168199.2999954",
        "benchmark/1.9.5#b885dc73ad67b40a55d45684d1c88ad1%1776083736.471",
        "aws-sdk-cpp/1.11.692#e551a518f5f50c6d83e40dfda38e7449%1764195395.344",
        "aws-crt-cpp/0.35.2#e11cf5e3d2a9273d4413bb5f8c6e502e%1764195395.124",
        "aws-checksums/0.2.6#ecd22c6f26d7ef4f94e756902af0b807%1764195394.973",
        "aws-c-sdkutils/0.2.4#28bd313b2eb6609e6c12b0e5c966f4fa%1764195394.792",
        "aws-c-s3/0.9.2#7e6609e49d0eee71a2a9a86d961c4007%1764195394.569",
        "aws-c-mqtt/0.13.3#c2768514f32e7f696ef8d2a096a8c7f3%1764195394.341",
        "aws-c-io/0.23.2#62b5405910d4a92b41332a6aa3c5daeb%1764195394.138",
        "aws-c-http/0.10.5#7c4c37b412a1ff7e78798776abcca170%1764195393.956",
        "aws-c-event-stream/0.5.7#0f5c58ea7feef1e92df78e07bac95cff%1764195393.759",
        "aws-c-compression/0.3.1#3fa42a49f3346b7a5a580fa9e19b32a5%1764195393.559",
        "aws-c-common/0.12.5#4f0643c1a427cbd9bcc6e3e178c04669%1764195393.319",
        "aws-c-cal/0.9.8#503a70b082d9678e07e706111ebccfe6%1764195393.115",
        "aws-c-auth/0.9.1#170e7b039f1966625c54205104f161a1%1764195392.906",
        "asio/1.36.0#75a50dae6e50af10cfb2150286b7df39%1764197818.231",
        "arrow/22.0.0#4267866d6224f20c3c800d78317a4c7a%1776119537.08",
        "antlr4-cppruntime/4.13.2#cc92480070ebd971aada9faf2be36f9f%1764195391.222",
        "abseil/20250512.1#254f1fadcf55ae7d035e6c8e8389ccfc%1776119536.959"
    ],
    "build_requires": [
        "zstd/1.5.7#b68ca8e3de04ba5957761751d1d661f4%1764195404.574",
        "zlib/1.3.1#cac0f6daea041b0ccf42934163defb20%1766567808.211",
        "xxhash/0.8.3#681d36a0a6111fc56e5e45ea182c19cc%1764195404.323",
        "protobuf/3.21.12#f4b3baecdc1169c9db2a96e395ca5462%1776119537.67",
        "pkgconf/2.5.1#93c2051284cba1279494a43a4fcfeae2%1764195402.46",
        "pkgconf/2.1.0#21f96520faf7660b99f872e956d2ac13%1775175184.067",
        "openjdk/21.0.1#d501945d7bd0389210414c627b6bbb29%1764195402.015",
        "ninja/1.13.2#c8c5dc2a52ed6e4e42a66d75b4717ceb%1764682751.029",
        "meson/1.10.2#9d2d10681fe7fe61c788c58626c89b25%1776083738.828",
        "m4/1.4.19#1f9bd25d2bd53f49ad509caa467f57b9%1771347093.606",
        "libtool/2.4.7#14e7739cc128bc1623d2ed318008e47e%1764195401.095",
        "hiredis/1.3.0#e39b0954c9bf2bac589b762bba5c5dce%1764195400.463",
        "gnu-config/cci.20210814#466e9d4d7779e1c142443f7ea44b4284%1764195400.142",
        "fmt/11.1.1#9d84ca70128ab4b84d80140b45d76b21%1764195399.784",
        "flex/2.6.4#efa781fc5088b47c895bd4eef6911f2e%1764195399.584",
        "cmake/4.3.0#b939a42e98f593fb34d3a8c5cc860359%1776083737.603",
        "cmake/3.31.11#f325c933f618a1fcebc1e1c0babfd1ba%1771347092.27",
        "ccache/4.12.3#8a5d484580a60ebc6e4b6053d1fb0b4a%1776083737.451",
        "bison/3.8.2#c3490cbe0078b6fd3eb4cf5ed64144dc%1764195396.24",
        "b2/5.4.2#ffd6084a119587e70f11cd45d1a386e2%1771347091.701",
        "automake/1.16.5#b91b7c384c3deaa9d535be02da14d04f%1764195392.664",
        "autoconf/2.71#51077f068e61700d65bb05541ea1e4b0%1764195392.428",
        "antlr4/4.13.1#c5ac7d11bd74b64564ec5bab66791fbd%1764195390.994"
    ],
    "python_requires": [],
    "overrides": {
        "gflags/2.2.0-memgraph": [
            null,
            "gflags/2.2.0-memgraph"
        ],
        "boost/[>=1.85.0 <=1.90.0]": [
            "boost/1.88.0-memgraph"
        ],
        "snappy/1.1.9": [
            "snappy/1.2.1"
        ],
        "libcurl/[>=7.78.0 <9]": [
            "libcurl/8.17.0"
        ],
        "boost/1.88.0": [
            "boost/1.88.0-memgraph#df956186b5897f2ec57ef010206fccf1"
        ],
        "libcurl/8.17.0": [
            "libcurl/8.17.0"
        ],
        "snappy/1.2.1": [
            "snappy/1.2.1"
        ],
        "gtest/1.12.1": [
            "gtest/1.17.0#5224b3b3ff3b4ce1133cbdd27d53ee7d",
            "gtest/[>=1.17 <2]"
        ]
    },
    "config_requires": []
}
