lockfileVersion: '9.0'

settings:
  autoInstallPeers: true
  excludeLinksFromLockfile: false

importers:

  .:
    dependencies:
      neo4j-driver:
        specifier: 4.1.1
        version: 4.1.1

packages:

  '@babel/runtime@7.28.4':
    resolution: {integrity: sha512-Q/N6JNWvIvPnLDvjlE1OUBLPQHH6l3CltCEsHIujp45zQUSSh8K+gHnaEX45yAT1nyngnINhvWtzN+Nb9D8RAQ==}
    engines: {node: '>=6.9.0'}

  neo4j-driver@4.1.1:
    resolution: {integrity: sha512-VK4YzeTG/uxYLUOR3Sh7/bx6RRXY/BJ0C3Y2zt69jSUKtijnboX7yGob+7y5b+HI8/c1TdN7dSXKkWf0b+vwBQ==}

  punycode@2.3.1:
    resolution: {integrity: sha512-vYt7UD1U9Wg6138shLtLOvdAu+8DsC/ilFtEVHcH+wydcSpNE20AfSOduf6MkRFahL5FY7X1oU7nKVZFtfq8Fg==}
    engines: {node: '>=6'}

  rxjs@6.6.7:
    resolution: {integrity: sha512-hTdwr+7yYNIT5n4AMYp85KA6yw2Va0FLa3Rguvbpa4W3I5xynaBZo41cM3XM+4Q6fRMj3sBYIR1VAmZMXYJvRQ==}
    engines: {npm: '>=2.0.0'}

  text-encoding-utf-8@1.0.2:
    resolution: {integrity: sha512-8bw4MY9WjdsD2aMtO0OzOCY3pXGYNx2d2FfHRVUKkiCPDWjKuOlhLVASS+pD7VkLTVjW268LYJHwsnPFlBpbAg==}

  tslib@1.14.1:
    resolution: {integrity: sha512-Xni35NKzjgMrwevysHTCArtLDpPvye8zV/0E4EyYn43P7/7qvQwPh9BGkHewbMulVntbigmcT7rdX3BNo9wRJg==}

  uri-js@4.4.1:
    resolution: {integrity: sha512-7rKUyy33Q1yc98pQ1DAmLtwX109F7TIfWlW1Ydo8Wl1ii1SeHieeh0HHfPeL2fMXK6z0s8ecKs9frCuLJvndBg==}

snapshots:

  '@babel/runtime@7.28.4': {}

  neo4j-driver@4.1.1:
    dependencies:
      '@babel/runtime': 7.28.4
      rxjs: 6.6.7
      text-encoding-utf-8: 1.0.2
      uri-js: 4.4.1

  punycode@2.3.1: {}

  rxjs@6.6.7:
    dependencies:
      tslib: 1.14.1

  text-encoding-utf-8@1.0.2: {}

  tslib@1.14.1: {}

  uri-js@4.4.1:
    dependencies:
      punycode: 2.3.1
