# This file was autogenerated by uv via the following command:
#    uv pip compile --python ve3/bin/python requirements.txt -o requirements.lock
adlfs==2024.12.0
    # via gqlalchemy
aiohappyeyeballs==2.7.1
    # via aiohttp
aiohttp==3.14.3
    # via adlfs
aiosignal==1.4.0
    # via aiohttp
annotated-types==0.8.0
    # via pydantic
attrs==26.1.0
    # via aiohttp
azure-core==1.41.0
    # via
    #   adlfs
    #   azure-identity
    #   azure-storage-blob
azure-datalake-store==0.0.53
    # via adlfs
azure-identity==1.25.3
    # via adlfs
azure-storage-blob==12.30.1
    # via adlfs
behave==1.2.6
    # via -r requirements.txt
boto3==1.40.59
    # via -r requirements.txt
botocore==1.40.76
    # via
    #   boto3
    #   s3transfer
certifi==2026.7.22
    # via
    #   pulsar-client
    #   requests
cffi==2.1.1
    # via
    #   azure-datalake-store
    #   cryptography
chardet==4.0.0
    # via -r requirements.txt
charset-normalizer==3.5.1
    # via requests
coverage==7.16.1
    # via pytest-cov
cryptography==50.0.0
    # via
    #   -r requirements.txt
    #   azure-identity
    #   azure-storage-blob
    #   msal
    #   pyjwt
    #   pyopenssl
dacite==1.9.2
    # via gqlalchemy
decorator==4.4.2
    # via networkx
faker==37.3.0
    # via -r requirements.txt
flake8==7.3.0
    # via pytest-flake8
frozenlist==1.8.0
    # via
    #   aiohttp
    #   aiosignal
fsspec==2026.7.0
    # via adlfs
gqlalchemy==1.8.0
    # via -r requirements.txt
idna==3.15
    # via
    #   -r requirements.txt
    #   requests
    #   yarl
iniconfig==2.3.0
    # via pytest
isodate==0.7.2
    # via
    #   azure-storage-blob
    #   python3-saml
jmespath==1.1.0
    # via
    #   boto3
    #   botocore
kafka-python==2.0.2
    # via -r requirements.txt
ldap3==2.6
    # via -r requirements.txt
lxml==6.1.0
    # via
    #   -r requirements.txt
    #   python3-saml
    #   xmlsec
mccabe==0.7.0
    # via flake8
msal==1.38.0
    # via
    #   azure-datalake-store
    #   azure-identity
    #   msal-extensions
msal-extensions==1.3.1
    # via azure-identity
multidict==6.8.0
    # via
    #   aiohttp
    #   yarl
neo4j==5.14.1
    # via
    #   -r requirements.txt
    #   gqlalchemy
networkx==2.5.1
    # via
    #   -r requirements.txt
    #   gqlalchemy
    #   pymgclient
numpy==1.26.4
    # via
    #   -r requirements.txt
    #   gqlalchemy
    #   pandas
    #   scipy
packaging==26.3
    # via pytest
pandas==2.2.3
    # via gqlalchemy
parse==1.18.0
    # via
    #   -r requirements.txt
    #   behave
    #   parse-type
parse-type==0.5.2
    # via
    #   -r requirements.txt
    #   behave
pluggy==1.6.0
    # via pytest
propcache==0.5.4
    # via
    #   aiohttp
    #   yarl
psutil==6.1.1
    # via gqlalchemy
pulsar-client==3.5.0
    # via -r requirements.txt
pyarrow==24.0.0
    # via -r requirements.txt
pyasn1==0.6.4
    # via ldap3
pycodestyle==2.14.0
    # via flake8
pycparser==3.0
    # via cffi
pydantic==2.13.5
    # via gqlalchemy
pydantic-core==2.46.5
    # via pydantic
pyflakes==3.4.0
    # via flake8
pygments==2.21.0
    # via pytest
pyjwt==2.13.0
    # via
    #   -r requirements.txt
    #   msal
pymgclient==1.5.2
    # via
    #   -r requirements.txt
    #   gqlalchemy
pyopenssl==26.4.0
    # via
    #   -r requirements.txt
    #   pymgclient
pytest==9.0.3
    # via
    #   -r requirements.txt
    #   pytest-cov
    #   pytest-flake8
pytest-cov==6.0.0
    # via -r requirements.txt
pytest-flake8==1.3.0
    # via -r requirements.txt
python-dateutil==2.9.0.post0
    # via
    #   botocore
    #   pandas
python3-saml==1.16.0
    # via -r requirements.txt
pytz==2023.3
    # via
    #   -r requirements.txt
    #   neo4j
    #   pandas
pyyaml==6.0.1
    # via -r requirements.txt
requests==2.34.2
    # via
    #   -r requirements.txt
    #   azure-core
    #   azure-datalake-store
    #   msal
s3transfer==0.14.0
    # via boto3
scipy==1.13.0
    # via -r requirements.txt
setuptools==80.9.0
    # via -r requirements.txt
six==1.17.0
    # via
    #   -r requirements.txt
    #   behave
    #   parse-type
    #   python-dateutil
typing-extensions==4.16.0
    # via
    #   aiohttp
    #   aiosignal
    #   azure-core
    #   azure-identity
    #   azure-storage-blob
    #   pydantic
    #   pydantic-core
    #   pyopenssl
    #   typing-inspection
typing-inspection==0.4.4
    # via pydantic
tzdata==2026.4
    # via
    #   faker
    #   pandas
    #   pymgclient
urllib3==2.7.0
    # via
    #   -r requirements.txt
    #   botocore
    #   requests
xmlsec==1.3.16
    # via
    #   -r requirements.txt
    #   python3-saml
yarl==1.25.1
    # via aiohttp
