# Autogenerated by release/package/mage/compile_requirements_locks.sh - do not edit.
# Resolved from src/auth/reference_modules/requirements.txt for python 3.12 on: x86_64-manylinux_2_34 aarch64-manylinux_2_34
--index-url https://pypi.org/simple

certifi==2026.7.22
    # via requests
cffi==2.1.1
    # via cryptography
charset-normalizer==3.5.1
    # via requests
cryptography==50.0.0
    # via -r src/auth/reference_modules/requirements.txt
decorator==5.3.1
    # via gssapi
gssapi==1.11.1
    # via -r src/auth/reference_modules/requirements.txt
idna==3.19
    # via requests
isodate==0.7.2
    # via python3-saml
ldap3==2.6
    # via -r src/auth/reference_modules/requirements.txt
lxml==6.1.0
    # via
    #   -r src/auth/reference_modules/requirements.txt
    #   python3-saml
    #   xmlsec
pyasn1==0.6.4
    # via ldap3
pycparser==3.0
    # via cffi
pyjwt==2.13.0
    # via -r src/auth/reference_modules/requirements.txt
python3-saml==1.16.0
    # via -r src/auth/reference_modules/requirements.txt
pyyaml==6.0.1
    # via -r src/auth/reference_modules/requirements.txt
requests==2.34.2
    # via -r src/auth/reference_modules/requirements.txt
urllib3==2.8.0
    # via requests
xmlsec==1.3.16
    # via
    #   -r src/auth/reference_modules/requirements.txt
    #   python3-saml
